
Microsoft Visual Studio Solution File, Format Version 12.00
# Visual Studio Version 17
VisualStudioVersion = 17.10.35122.118
MinimumVisualStudioVersion = 10.0.40219.1
Project("{FAE04EC0-301F-11D3-BF4B-00C04F79EFBC}") = "GAM531-A1", "GAM531-A1\GAM531-A1.csproj", "{531E627B-0530-49E2-81A7-5C14C28951B2}"
EndProject
Global
	GlobalSection(SolutionConfigurationPlatforms) = preSolution
		Debug|Any CPU = Debug|Any CPU
		Release|Any CPU = Release|Any CPU
	EndGlobalSection
	GlobalSection(ProjectConfigurationPlatforms) = postSolution
		{531E627B-0530-49E2-81A7-5C14C28951B2}.Debug|Any CPU.ActiveCfg = Debug|Any CPU
		{531E627B-0530-49E2-81A7-5C14C28951B2}.Debug|Any CPU.Build.0 = Debug|Any CPU
		{531E627B-0530-49E2-81A7-5C14C28951B2}.Release|Any CPU.ActiveCfg = Release|Any CPU
		{531E627B-0530-49E2-81A7-5C14C28951B2}.Release|Any CPU.Build.0 = Release|Any CPU
	EndGlobalSection
	GlobalSection(SolutionProperties) = preSolution
		HideSolutionNode = FALSE
	EndGlobalSection
	GlobalSection(ExtensibilityGlobals) = postSolution
		SolutionGuid = {7BDDB7BF-1B45-496B-9FB3-9659077A8552}
	EndGlobalSection
EndGlobal
